Microsoft Visual Studio Solution File, Format Version 12.00
# Visual Studio Version 17
VisualStudioVersion = 17.5.2.0
MinimumVisualStudioVersion = 10.0.40219.1
Project("{2150E333-8FDC-42A3-9474-1A3956D46DE8}") = "Time_Warp_Windows", "Time_Warp_Windows", "{CCDCA739-8991-E678-2C9C-6FF815184448}"
EndProject
Project("{FAE04EC0-301F-11D3-BF4B-00C04F79EFBC}") = "TimeWarp.Wpf", "Time_Warp_Windows\TimeWarp.Wpf\TimeWarp.Wpf.csproj", "{239E0F3E-A60E-A7E8-1D33-A3B6FFA84393}"
EndProject
Global
	GlobalSection(SolutionConfigurationPlatforms) = preSolution
		Debug|Any CPU = Debug|Any CPU
		Release|Any CPU = Release|Any CPU
	EndGlobalSection
	GlobalSection(ProjectConfigurationPlatforms) = postSolution
		{239E0F3E-A60E-A7E8-1D33-A3B6FFA84393}.Debug|Any CPU.ActiveCfg = Debug|Any CPU
		{239E0F3E-A60E-A7E8-1D33-A3B6FFA84393}.Debug|Any CPU.Build.0 = Debug|Any CPU
		{239E0F3E-A60E-A7E8-1D33-A3B6FFA84393}.Release|Any CPU.ActiveCfg = Release|Any CPU
		{239E0F3E-A60E-A7E8-1D33-A3B6FFA84393}.Release|Any CPU.Build.0 = Release|Any CPU
	EndGlobalSection
	GlobalSection(SolutionProperties) = preSolution
		HideSolutionNode = FALSE
	EndGlobalSection
	GlobalSection(NestedProjects) = preSolution
		{239E0F3E-A60E-A7E8-1D33-A3B6FFA84393} = {CCDCA739-8991-E678-2C9C-6FF815184448}
	EndGlobalSection
	GlobalSection(ExtensibilityGlobals) = postSolution
		SolutionGuid = {9D2A2B09-14B0-4E95-BCE4-E2C69BF97E8A}
	EndGlobalSection
EndGlobal
